{
    "_readme": [
        "This file locks the dependencies of your project to a known state",
        "Read more about it at https://getcomposer.org/doc/01-basic-usage.md#composer-lock-the-lock-file",
        "This file is @generated automatically"
    ],
    "hash": "9e63154b4d47f48f0d0691550d4b69b5",
    "content-hash": "b1e154c2725f8b53a70f1630befc803d",
    "packages": [
        {
            "name": "euskadi31/opengraph",
            "version": "v1.0.0",
            "source": {
                "type": "git",
                "url": "https://github.com/euskadi31/Opengraph.git",
                "reference": "35645b1bbe9309f8b46734e3eb8f01e6613aeb52"
            },
            "dist": {
                "type": "zip",
                "url": "https://api.github.com/repos/euskadi31/Opengraph/zipball/35645b1bbe9309f8b46734e3eb8f01e6613aeb52",
                "reference": "35645b1bbe9309f8b46734e3eb8f01e6613aeb52",
                "shasum": ""
            },
            "require": {
                "php": ">=5.3.0"
            },
            "require-dev": {
                "atoum/atoum": "dev-master"
            },
            "type": "library",
            "autoload": {
                "psr-0": {
                    "Opengraph": "src/"
                }
            },
            "notification-url": "https://packagist.org/downloads/",
            "license": [
                "MIT"
            ],
            "authors": [
                {
                    "name": "Axel Etcheverry",
                    "email": "axel@etcheverry.biz",
                    "homepage": "http://www.axel-etcheverry.com"
                }
            ],
            "description": "A PHP 5.3+ framework for OpenGraph Protocol",
            "keywords": [
                "OpenGraph Protocol",
                "og",
                "opengraph",
                "sdk"
            ],
            "time": "2013-11-25 14:33:37"
        }
    ],
    "packages-dev": [],
    "aliases": [],
    "minimum-stability": "stable",
    "stability-flags": [],
    "prefer-stable": false,
    "prefer-lowest": false,
    "platform": [],
    "platform-dev": []
}
